// !$*UTF8*$!
{
	archiveVersion = 1;
	classes = {
	};
	objectVersion = 56;
	objects = {

/* Begin PBXBuildFile section */
		51A97B77294F36E800939E19 /* TCPCommunicatorMock.swift in Sources */ = {isa = PBXBuildFile; fileRef = 51A97B76294F36E800939E19 /* TCPCommunicatorMock.swift */; };
		51B7619F2924FF35005243C1 /* AppDelegate.swift in Sources */ = {isa = PBXBuildFile; fileRef = 51B7619E2924FF35005243C1 /* AppDelegate.swift */; };
		51B761A12924FF35005243C1 /* SceneDelegate.swift in Sources */ = {isa = PBXBuildFile; fileRef = 51B761A02924FF35005243C1 /* SceneDelegate.swift */; };
		51B761A62924FF35005243C1 /* Main.storyboard in Resources */ = {isa = PBXBuildFile; fileRef = 51B761A42924FF35005243C1 /* Main.storyboard */; };
		51B761A82924FF37005243C1 /* Assets.xcassets in Resources */ = {isa = PBXBuildFile; fileRef = 51B761A72924FF37005243C1 /* Assets.xcassets */; };
		51B761AB2924FF37005243C1 /* LaunchScreen.storyboard in Resources */ = {isa = PBXBuildFile; fileRef = 51B761A92924FF37005243C1 /* LaunchScreen.storyboard */; };
		51B761B62924FF37005243C1 /* MapsWithCombineFWTests.swift in Sources */ = {isa = PBXBuildFile; fileRef = 51B761B52924FF37005243C1 /* MapsWithCombineFWTests.swift */; };
		51B761C02924FF38005243C1 /* MapsWithCombineFWUITests.swift in Sources */ = {isa = PBXBuildFile; fileRef = 51B761BF2924FF38005243C1 /* MapsWithCombineFWUITests.swift */; };
		51B761C22924FF38005243C1 /* MapsWithCombineFWUITestsLaunchTests.swift in Sources */ = {isa = PBXBuildFile; fileRef = 51B761C12924FF38005243C1 /* MapsWithCombineFWUITestsLaunchTests.swift */; };
		51B761E5292500D4005243C1 /* MapViewModel.swift in Sources */ = {isa = PBXBuildFile; fileRef = 51B761E3292500D4005243C1 /* MapViewModel.swift */; };
		51B761E6292500D4005243C1 /* MapViewController.swift in Sources */ = {isa = PBXBuildFile; fileRef = 51B761E4292500D4005243C1 /* MapViewController.swift */; };
		51B761E929250104005243C1 /* CalloutView.swift in Sources */ = {isa = PBXBuildFile; fileRef = 51B761E829250104005243C1 /* CalloutView.swift */; };
		51B761EE2925014A005243C1 /* ConnectionManager.swift in Sources */ = {isa = PBXBuildFile; fileRef = 51B761EC2925014A005243C1 /* ConnectionManager.swift */; };
		51B761EF2925014A005243C1 /* TCPCommunicator.swift in Sources */ = {isa = PBXBuildFile; fileRef = 51B761ED2925014A005243C1 /* TCPCommunicator.swift */; };
		51B761F229250186005243C1 /* User.swift in Sources */ = {isa = PBXBuildFile; fileRef = 51B761F129250186005243C1 /* User.swift */; };
		51B761F5292501A0005243C1 /* response.txt in Resources */ = {isa = PBXBuildFile; fileRef = 51B761F4292501A0005243C1 /* response.txt */; };
		51B761F8292501B7005243C1 /* Extensions.swift in Sources */ = {isa = PBXBuildFile; fileRef = 51B761F7292501B7005243C1 /* Extensions.swift */; };
		51B761FC292553C0005243C1 /* AnnotationView.swift in Sources */ = {isa = PBXBuildFile; fileRef = 51B761FB292553C0005243C1 /* AnnotationView.swift */; };
/* End PBXBuildFile section */

/* Begin PBXContainerItemProxy section */
		51B761B22924FF37005243C1 /* PBXContainerItemProxy */ = {
			isa = PBXContainerItemProxy;
			containerPortal = 51B761932924FF35005243C1 /* Project object */;
			proxyType = 1;
			remoteGlobalIDString = 51B7619A2924FF35005243C1;
			remoteInfo = MapsWithCombineFW;
		};
		51B761BC2924FF38005243C1 /* PBXContainerItemProxy */ = {
			isa = PBXContainerItemProxy;
			containerPortal = 51B761932924FF35005243C1 /* Project object */;
			proxyType = 1;
			remoteGlobalIDString = 51B7619A2924FF35005243C1;
			remoteInfo = MapsWithCombineFW;
		};
/* End PBXContainerItemProxy section */

/* Begin PBXFileReference section */
		51A97B76294F36E800939E19 /* TCPCommunicatorMock.swift */ = {isa = PBXFileReference; lastKnownFileType = sourcecode.swift; path = TCPCommunicatorMock.swift; sourceTree = "<group>"; };
		51B7619B2924FF35005243C1 /* MapsWithCombineFW.app */ = {isa = PBXFileReference; explicitFileType = wrapper.application; includeInIndex = 0; path = MapsWithCombineFW.app; sourceTree = BUILT_PRODUCTS_DIR; };
		51B7619E2924FF35005243C1 /* AppDelegate.swift */ = {isa = PBXFileReference; lastKnownFileType = sourcecode.swift; path = AppDelegate.swift; sourceTree = "<group>"; };
		51B761A02924FF35005243C1 /* SceneDelegate.swift */ = {isa = PBXFileReference; lastKnownFileType = sourcecode.swift; path = SceneDelegate.swift; sourceTree = "<group>"; };
		51B761A52924FF35005243C1 /* Base */ = {isa = PBXFileReference; lastKnownFileType = file.storyboard; name = Base; path = Base.lproj/Main.storyboard; sourceTree = "<group>"; };
		51B761A72924FF37005243C1 /* Assets.xcassets */ = {isa = PBXFileReference; lastKnownFileType = folder.assetcatalog; path = Assets.xcassets; sourceTree = "<group>"; };
		51B761AA2924FF37005243C1 /* Base */ = {isa = PBXFileReference; lastKnownFileType = file.storyboard; name = Base; path = Base.lproj/LaunchScreen.storyboard; sourceTree = "<group>"; };
		51B761AC2924FF37005243C1 /* Info.plist */ = {isa = PBXFileReference; lastKnownFileType = text.plist.xml; path = Info.plist; sourceTree = "<group>"; };
		51B761B12924FF37005243C1 /* MapsWithCombineFWTests.xctest */ = {isa = PBXFileReference; explicitFileType = wrapper.cfbundle; includeInIndex = 0; path = MapsWithCombineFWTests.xctest; sourceTree = BUILT_PRODUCTS_DIR; };
		51B761B52924FF37005243C1 /* MapsWithCombineFWTests.swift */ = {isa = PBXFileReference; lastKnownFileType = sourcecode.swift; path = MapsWithCombineFWTests.swift; sourceTree = "<group>"; };
		51B761BB2924FF38005243C1 /* MapsWithCombineFWUITests.xctest */ = {isa = PBXFileReference; explicitFileType = wrapper.cfbundle; includeInIndex = 0; path = MapsWithCombineFWUITests.xctest; sourceTree = BUILT_PRODUCTS_DIR; };
		51B761BF2924FF38005243C1 /* MapsWithCombineFWUITests.swift */ = {isa = PBXFileReference; lastKnownFileType = sourcecode.swift; path = MapsWithCombineFWUITests.swift; sourceTree = "<group>"; };
		51B761C12924FF38005243C1 /* MapsWithCombineFWUITestsLaunchTests.swift */ = {isa = PBXFileReference; lastKnownFileType = sourcecode.swift; path = MapsWithCombineFWUITestsLaunchTests.swift; sourceTree = "<group>"; };
		51B761E3292500D4005243C1 /* MapViewModel.swift */ = {isa = PBXFileReference; fileEncoding = 4; lastKnownFileType = sourcecode.swift; path = MapViewModel.swift; sourceTree = "<group>"; };
		51B761E4292500D4005243C1 /* MapViewController.swift */ = {isa = PBXFileReference; fileEncoding = 4; lastKnownFileType = sourcecode.swift; path = MapViewController.swift; sourceTree = "<group>"; };
		51B761E829250104005243C1 /* CalloutView.swift */ = {isa = PBXFileReference; fileEncoding = 4; lastKnownFileType = sourcecode.swift; path = CalloutView.swift; sourceTree = "<group>"; };
		51B761EC2925014A005243C1 /* ConnectionManager.swift */ = {isa = PBXFileReference; fileEncoding = 4; lastKnownFileType = sourcecode.swift; path = ConnectionManager.swift; sourceTree = "<group>"; };
		51B761ED2925014A005243C1 /* TCPCommunicator.swift */ = {isa = PBXFileReference; fileEncoding = 4; lastKnownFileType = sourcecode.swift; path = TCPCommunicator.swift; sourceTree = "<group>"; };
		51B761F129250186005243C1 /* User.swift */ = {isa = PBXFileReference; fileEncoding = 4; lastKnownFileType = sourcecode.swift; path = User.swift; sourceTree = "<group>"; };
		51B761F4292501A0005243C1 /* response.txt */ = {isa = PBXFileReference; fileEncoding = 4; lastKnownFileType = text; path = response.txt; sourceTree = "<group>"; };
		51B761F7292501B7005243C1 /* Extensions.swift */ = {isa = PBXFileReference; fileEncoding = 4; lastKnownFileType = sourcecode.swift; path = Extensions.swift; sourceTree = "<group>"; };
		51B761FB292553C0005243C1 /* AnnotationView.swift */ = {isa = PBXFileReference; lastKnownFileType = sourcecode.swift; path = AnnotationView.swift; sourceTree = "<group>"; };
/* End PBXFileReference section */

/* Begin PBXFrameworksBuildPhase section */
		51B761982924FF35005243C1 /* Frameworks */ = {
			isa = PBXFrameworksBuildPhase;
			buildActionMask = 2147483647;
			files = (
			);
			runOnlyForDeploymentPostprocessing = 0;
		};
		51B761AE2924FF37005243C1 /* Frameworks */ = {
			isa = PBXFrameworksBuildPhase;
			buildActionMask = 2147483647;
			files = (
			);
			runOnlyForDeploymentPostprocessing = 0;
		};
		51B761B82924FF38005243C1 /* Frameworks */ = {
			isa = PBXFrameworksBuildPhase;
			buildActionMask = 2147483647;
			files = (
			);
			runOnlyForDeploymentPostprocessing = 0;
		};
/* End PBXFrameworksBuildPhase section */

/* Begin PBXGroup section */
		51B761922924FF35005243C1 = {
			isa = PBXGroup;
			children = (
				51B7619D2924FF35005243C1 /* MapsWithCombineFW */,
				51B761B42924FF37005243C1 /* MapsWithCombineFWTests */,
				51B761BE2924FF38005243C1 /* MapsWithCombineFWUITests */,
				51B7619C2924FF35005243C1 /* Products */,
			);
			sourceTree = "<group>";
		};
		51B7619C2924FF35005243C1 /* Products */ = {
			isa = PBXGroup;
			children = (
				51B7619B2924FF35005243C1 /* MapsWithCombineFW.app */,
				51B761B12924FF37005243C1 /* MapsWithCombineFWTests.xctest */,
				51B761BB2924FF38005243C1 /* MapsWithCombineFWUITests.xctest */,
			);
			name = Products;
			sourceTree = "<group>";
		};
		51B7619D2924FF35005243C1 /* MapsWithCombineFW */ = {
			isa = PBXGroup;
			children = (
				51B761E2292500B1005243C1 /* App */,
				51B761E7292500DF005243C1 /* Views */,
				51B761F329250189005243C1 /* Models */,
				51B761F02925016C005243C1 /* Services */,
				51B761F92925035A005243C1 /* Resources */,
				51B761F6292501A7005243C1 /* Data */,
				51B761F7292501B7005243C1 /* Extensions.swift */,
			);
			path = MapsWithCombineFW;
			sourceTree = "<group>";
		};
		51B761B42924FF37005243C1 /* MapsWithCombineFWTests */ = {
			isa = PBXGroup;
			children = (
				51B761B52924FF37005243C1 /* MapsWithCombineFWTests.swift */,
			);
			path = MapsWithCombineFWTests;
			sourceTree = "<group>";
		};
		51B761BE2924FF38005243C1 /* MapsWithCombineFWUITests */ = {
			isa = PBXGroup;
			children = (
				51B761BF2924FF38005243C1 /* MapsWithCombineFWUITests.swift */,
				51B761C12924FF38005243C1 /* MapsWithCombineFWUITestsLaunchTests.swift */,
			);
			path = MapsWithCombineFWUITests;
			sourceTree = "<group>";
		};
		51B761E2292500B1005243C1 /* App */ = {
			isa = PBXGroup;
			children = (
				51B7619E2924FF35005243C1 /* AppDelegate.swift */,
				51B761A02924FF35005243C1 /* SceneDelegate.swift */,
				51B761AC2924FF37005243C1 /* Info.plist */,
			);
			path = App;
			sourceTree = "<group>";
		};
		51B761E7292500DF005243C1 /* Views */ = {
			isa = PBXGroup;
			children = (
				51B761EB29250122005243C1 /* MapView */,
				51B761EA29250109005243C1 /* Components */,
			);
			path = Views;
			sourceTree = "<group>";
		};
		51B761EA29250109005243C1 /* Components */ = {
			isa = PBXGroup;
			children = (
				51B761E829250104005243C1 /* CalloutView.swift */,
				51B761FB292553C0005243C1 /* AnnotationView.swift */,
			);
			path = Components;
			sourceTree = "<group>";
		};
		51B761EB29250122005243C1 /* MapView */ = {
			isa = PBXGroup;
			children = (
				51B761E4292500D4005243C1 /* MapViewController.swift */,
				51B761E3292500D4005243C1 /* MapViewModel.swift */,
			);
			path = MapView;
			sourceTree = "<group>";
		};
		51B761F02925016C005243C1 /* Services */ = {
			isa = PBXGroup;
			children = (
				51B761EC2925014A005243C1 /* ConnectionManager.swift */,
				51B761ED2925014A005243C1 /* TCPCommunicator.swift */,
				51A97B76294F36E800939E19 /* TCPCommunicatorMock.swift */,
			);
			path = Services;
			sourceTree = "<group>";
		};
		51B761F329250189005243C1 /* Models */ = {
			isa = PBXGroup;
			children = (
				51B761F129250186005243C1 /* User.swift */,
			);
			path = Models;
			sourceTree = "<group>";
		};
		51B761F6292501A7005243C1 /* Data */ = {
			isa = PBXGroup;
			children = (
				51B761F4292501A0005243C1 /* response.txt */,
			);
			path = Data;
			sourceTree = "<group>";
		};
		51B761F92925035A005243C1 /* Resources */ = {
			isa = PBXGroup;
			children = (
				51B761FA2925036E005243C1 /* Storyboards */,
				51B761A72924FF37005243C1 /* Assets.xcassets */,
			);
			path = Resources;
			sourceTree = "<group>";
		};
		51B761FA2925036E005243C1 /* Storyboards */ = {
			isa = PBXGroup;
			children = (
				51B761A92924FF37005243C1 /* LaunchScreen.storyboard */,
				51B761A42924FF35005243C1 /* Main.storyboard */,
			);
			path = Storyboards;
			sourceTree = "<group>";
		};
/* End PBXGroup section */

/* Begin PBXNativeTarget section */
		51B7619A2924FF35005243C1 /* MapsWithCombineFW */ = {
			isa = PBXNativeTarget;
			buildConfigurationList = 51B761C52924FF38005243C1 /* Build configuration list for PBXNativeTarget "MapsWithCombineFW" */;
			buildPhases = (
				51B761972924FF35005243C1 /* Sources */,
				51B761982924FF35005243C1 /* Frameworks */,
				51B761992924FF35005243C1 /* Resources */,
			);
			buildRules = (
			);
			dependencies = (
			);
			name = MapsWithCombineFW;
			productName = MapsWithCombineFW;
			productReference = 51B7619B2924FF35005243C1 /* MapsWithCombineFW.app */;
			productType = "com.apple.product-type.application";
		};
		51B761B02924FF37005243C1 /* MapsWithCombineFWTests */ = {
			isa = PBXNativeTarget;
			buildConfigurationList = 51B761C82924FF38005243C1 /* Build configuration list for PBXNativeTarget "MapsWithCombineFWTests" */;
			buildPhases = (
				51B761AD2924FF37005243C1 /* Sources */,
				51B761AE2924FF37005243C1 /* Frameworks */,
				51B761AF2924FF37005243C1 /* Resources */,
			);
			buildRules = (
			);
			dependencies = (
				51B761B32924FF37005243C1 /* PBXTargetDependency */,
			);
			name = MapsWithCombineFWTests;
			productName = MapsWithCombineFWTests;
			productReference = 51B761B12924FF37005243C1 /* MapsWithCombineFWTests.xctest */;
			productType = "com.apple.product-type.bundle.unit-test";
		};
		51B761BA2924FF38005243C1 /* MapsWithCombineFWUITests */ = {
			isa = PBXNativeTarget;
			buildConfigurationList = 51B761CB2924FF38005243C1 /* Build configuration list for PBXNativeTarget "MapsWithCombineFWUITests" */;
			buildPhases = (
				51B761B72924FF38005243C1 /* Sources */,
				51B761B82924FF38005243C1 /* Frameworks */,
				51B761B92924FF38005243C1 /* Resources */,
			);
			buildRules = (
			);
			dependencies = (
				51B761BD2924FF38005243C1 /* PBXTargetDependency */,
			);
			name = MapsWithCombineFWUITests;
			productName = MapsWithCombineFWUITests;
			productReference = 51B761BB2924FF38005243C1 /* MapsWithCombineFWUITests.xctest */;
			productType = "com.apple.product-type.bundle.ui-testing";
		};
/* End PBXNativeTarget section */

/* Begin PBXProject section */
		51B761932924FF35005243C1 /* Project object */ = {
			isa = PBXProject;
			attributes = {
				BuildIndependentTargetsInParallel = 1;
				LastSwiftUpdateCheck = 1410;
				LastUpgradeCheck = 1410;
				TargetAttributes = {
					51B7619A2924FF35005243C1 = {
						CreatedOnToolsVersion = 14.1;
					};
					51B761B02924FF37005243C1 = {
						CreatedOnToolsVersion = 14.1;
						TestTargetID = 51B7619A2924FF35005243C1;
					};
					51B761BA2924FF38005243C1 = {
						CreatedOnToolsVersion = 14.1;
						TestTargetID = 51B7619A2924FF35005243C1;
					};
				};
			};
			buildConfigurationList = 51B761962924FF35005243C1 /* Build configuration list for PBXProject "MapsWithCombineFW" */;
			compatibilityVersion = "Xcode 14.0";
			developmentRegion = en;
			hasScannedForEncodings = 0;
			knownRegions = (
				en,
				Base,
			);
			mainGroup = 51B761922924FF35005243C1;
			productRefGroup = 51B7619C2924FF35005243C1 /* Products */;
			projectDirPath = "";
			projectRoot = "";
			targets = (
				51B7619A2924FF35005243C1 /* MapsWithCombineFW */,
				51B761B02924FF37005243C1 /* MapsWithCombineFWTests */,
				51B761BA2924FF38005243C1 /* MapsWithCombineFWUITests */,
			);
		};
/* End PBXProject section */

/* Begin PBXResourcesBuildPhase section */
		51B761992924FF35005243C1 /* Resources */ = {
			isa = PBXResourcesBuildPhase;
			buildActionMask = 2147483647;
			files = (
				51B761AB2924FF37005243C1 /* LaunchScreen.storyboard in Resources */,
				51B761F5292501A0005243C1 /* response.txt in Resources */,
				51B761A82924FF37005243C1 /* Assets.xcassets in Resources */,
				51B761A62924FF35005243C1 /* Main.storyboard in Resources */,
			);
			runOnlyForDeploymentPostprocessing = 0;
		};
		51B761AF2924FF37005243C1 /* Resources */ = {
			isa = PBXResourcesBuildPhase;
			buildActionMask = 2147483647;
			files = (
			);
			runOnlyForDeploymentPostprocessing = 0;
		};
		51B761B92924FF38005243C1 /* Resources */ = {
			isa = PBXResourcesBuildPhase;
			buildActionMask = 2147483647;
			files = (
			);
			runOnlyForDeploymentPostprocessing = 0;
		};
/* End PBXResourcesBuildPhase section */

/* Begin PBXSourcesBuildPhase section */
		51B761972924FF35005243C1 /* Sources */ = {
			isa = PBXSourcesBuildPhase;
			buildActionMask = 2147483647;
			files = (
				51B761EF2925014A005243C1 /* TCPCommunicator.swift in Sources */,
				51B7619F2924FF35005243C1 /* AppDelegate.swift in Sources */,
				51B761A12924FF35005243C1 /* SceneDelegate.swift in Sources */,
				51A97B77294F36E800939E19 /* TCPCommunicatorMock.swift in Sources */,
				51B761EE2925014A005243C1 /* ConnectionManager.swift in Sources */,
				51B761F8292501B7005243C1 /* Extensions.swift in Sources */,
				51B761F229250186005243C1 /* User.swift in Sources */,
				51B761E6292500D4005243C1 /* MapViewController.swift in Sources */,
				51B761FC292553C0005243C1 /* AnnotationView.swift in Sources */,
				51B761E5292500D4005243C1 /* MapViewModel.swift in Sources */,
				51B761E929250104005243C1 /* CalloutView.swift in Sources */,
			);
			runOnlyForDeploymentPostprocessing = 0;
		};
		51B761AD2924FF37005243C1 /* Sources */ = {
			isa = PBXSourcesBuildPhase;
			buildActionMask = 2147483647;
			files = (
				51B761B62924FF37005243C1 /* MapsWithCombineFWTests.swift in Sources */,
			);
			runOnlyForDeploymentPostprocessing = 0;
		};
		51B761B72924FF38005243C1 /* Sources */ = {
			isa = PBXSourcesBuildPhase;
			buildActionMask = 2147483647;
			files = (
				51B761C22924FF38005243C1 /* MapsWithCombineFWUITestsLaunchTests.swift in Sources */,
				51B761C02924FF38005243C1 /* MapsWithCombineFWUITests.swift in Sources */,
			);
			runOnlyForDeploymentPostprocessing = 0;
		};
/* End PBXSourcesBuildPhase section */

/* Begin PBXTargetDependency section */
		51B761B32924FF37005243C1 /* PBXTargetDependency */ = {
			isa = PBXTargetDependency;
			target = 51B7619A2924FF35005243C1 /* MapsWithCombineFW */;
			targetProxy = 51B761B22924FF37005243C1 /* PBXContainerItemProxy */;
		};
		51B761BD2924FF38005243C1 /* PBXTargetDependency */ = {
			isa = PBXTargetDependency;
			target = 51B7619A2924FF35005243C1 /* MapsWithCombineFW */;
			targetProxy = 51B761BC2924FF38005243C1 /* PBXContainerItemProxy */;
		};
/* End PBXTargetDependency section */

/* Begin PBXVariantGroup section */
		51B761A42924FF35005243C1 /* Main.storyboard */ = {
			isa = PBXVariantGroup;
			children = (
				51B761A52924FF35005243C1 /* Base */,
			);
			name = Main.storyboard;
			sourceTree = "<group>";
		};
		51B761A92924FF37005243C1 /* LaunchScreen.storyboard */ = {
			isa = PBXVariantGroup;
			children = (
				51B761AA2924FF37005243C1 /* Base */,
			);
			name = LaunchScreen.storyboard;
			sourceTree = "<group>";
		};
/* End PBXVariantGroup section */

/* Begin XCBuildConfiguration section */
		51B761C32924FF38005243C1 /* Debug */ = {
			isa = XCBuildConfiguration;
			buildSettings = {
				ALWAYS_SEARCH_USER_PATHS = NO;
				CLANG_ANALYZER_NONNULL = YES;
				CLANG_ANALYZER_NUMBER_OBJECT_CONVERSION = YES_AGGRESSIVE;
				CLANG_CXX_LANGUAGE_STANDARD = "gnu++20";
				CLANG_ENABLE_MODULES = YES;
				CLANG_ENABLE_OBJC_ARC = YES;
				CLANG_ENABLE_OBJC_WEAK = YES;
				CLANG_WARN_BLOCK_CAPTURE_AUTORELEASING = YES;
				CLANG_WARN_BOOL_CONVERSION = YES;
				CLANG_WARN_COMMA = YES;
				CLANG_WARN_CONSTANT_CONVERSION = YES;
				CLANG_WARN_DEPRECATED_OBJC_IMPLEMENTATIONS = YES;
				CLANG_WARN_DIRECT_OBJC_ISA_USAGE = YES_ERROR;
				CLANG_WARN_DOCUMENTATION_COMMENTS = YES;
				CLANG_WARN_EMPTY_BODY = YES;
				CLANG_WARN_ENUM_CONVERSION = YES;
				CLANG_WARN_INFINITE_RECURSION = YES;
				CLANG_WARN_INT_CONVERSION = YES;
				CLANG_WARN_NON_LITERAL_NULL_CONVERSION = YES;
				CLANG_WARN_OBJC_IMPLICIT_RETAIN_SELF = YES;
				CLANG_WARN_OBJC_LITERAL_CONVERSION = YES;
				CLANG_WARN_OBJC_ROOT_CLASS = YES_ERROR;
				CLANG_WARN_QUOTED_INCLUDE_IN_FRAMEWORK_HEADER = YES;
				CLANG_WARN_RANGE_LOOP_ANALYSIS = YES;
				CLANG_WARN_STRICT_PROTOTYPES = YES;
				CLANG_WARN_SUSPICIOUS_MOVE = YES;
				CLANG_WARN_UNGUARDED_AVAILABILITY = YES_AGGRESSIVE;
				CLANG_WARN_UNREACHABLE_CODE = YES;
				CLANG_WARN__DUPLICATE_METHOD_MATCH = YES;
				COPY_PHASE_STRIP = NO;
				DEBUG_INFORMATION_FORMAT = dwarf;
				ENABLE_STRICT_OBJC_MSGSEND = YES;
				ENABLE_TESTABILITY = YES;
				GCC_C_LANGUAGE_STANDARD = gnu11;
				GCC_DYNAMIC_NO_PIC = NO;
				GCC_NO_COMMON_BLOCKS = YES;
				GCC_OPTIMIZATION_LEVEL = 0;
				GCC_PREPROCESSOR_DEFINITIONS = (
					"DEBUG=1",
					"$(inherited)",
				);
				GCC_WARN_64_TO_32_BIT_CONVERSION = YES;
				GCC_WARN_ABOUT_RETURN_TYPE = YES_ERROR;
				GCC_WARN_UNDECLARED_SELECTOR = YES;
				GCC_WARN_UNINITIALIZED_AUTOS = YES_AGGRESSIVE;
				GCC_WARN_UNUSED_FUNCTION = YES;
				GCC_WARN_UNUSED_VARIABLE = YES;
				IPHONEOS_DEPLOYMENT_TARGET = 16.1;
				MTL_ENABLE_DEBUG_INFO = INCLUDE_SOURCE;
				MTL_FAST_MATH = YES;
				ONLY_ACTIVE_ARCH = YES;
				SDKROOT = iphoneos;
				SWIFT_ACTIVE_COMPILATION_CONDITIONS = DEBUG;
				SWIFT_OPTIMIZATION_LEVEL = "-Onone";
			};
			name = Debug;
		};
		51B761C42924FF38005243C1 /* Release */ = {
			isa = XCBuildConfiguration;
			buildSettings = {
				ALWAYS_SEARCH_USER_PATHS = NO;
				CLANG_ANALYZER_NONNULL = YES;
				CLANG_ANALYZER_NUMBER_OBJECT_CONVERSION = YES_AGGRESSIVE;
				CLANG_CXX_LANGUAGE_STANDARD = "gnu++20";
				CLANG_ENABLE_MODULES = YES;
				CLANG_ENABLE_OBJC_ARC = YES;
				CLANG_ENABLE_OBJC_WEAK = YES;
				CLANG_WARN_BLOCK_CAPTURE_AUTORELEASING = YES;
				CLANG_WARN_BOOL_CONVERSION = YES;
				CLANG_WARN_COMMA = YES;
				CLANG_WARN_CONSTANT_CONVERSION = YES;
				CLANG_WARN_DEPRECATED_OBJC_IMPLEMENTATIONS = YES;
				CLANG_WARN_DIRECT_OBJC_ISA_USAGE = YES_ERROR;
				CLANG_WARN_DOCUMENTATION_COMMENTS = YES;
				CLANG_WARN_EMPTY_BODY = YES;
				CLANG_WARN_ENUM_CONVERSION = YES;
				CLANG_WARN_INFINITE_RECURSION = YES;
				CLANG_WARN_INT_CONVERSION = YES;
				CLANG_WARN_NON_LITERAL_NULL_CONVERSION = YES;
				CLANG_WARN_OBJC_IMPLICIT_RETAIN_SELF = YES;
				CLANG_WARN_OBJC_LITERAL_CONVERSION = YES;
				CLANG_WARN_OBJC_ROOT_CLASS = YES_ERROR;
				CLANG_WARN_QUOTED_INCLUDE_IN_FRAMEWORK_HEADER = YES;
				CLANG_WARN_RANGE_LOOP_ANALYSIS = YES;
				CLANG_WARN_STRICT_PROTOTYPES = YES;
				CLANG_WARN_SUSPICIOUS_MOVE = YES;
				CLANG_WARN_UNGUARDED_AVAILABILITY = YES_AGGRESSIVE;
				CLANG_WARN_UNREACHABLE_CODE = YES;
				CLANG_WARN__DUPLICATE_METHOD_MATCH = YES;
				COPY_PHASE_STRIP = NO;
				DEBUG_INFORMATION_FORMAT = "dwarf-with-dsym";
				ENABLE_NS_ASSERTIONS = NO;
				ENABLE_STRICT_OBJC_MSGSEND = YES;
				GCC_C_LANGUAGE_STANDARD = gnu11;
				GCC_NO_COMMON_BLOCKS = YES;
				GCC_WARN_64_TO_32_BIT_CONVERSION = YES;
				GCC_WARN_ABOUT_RETURN_TYPE = YES_ERROR;
				GCC_WARN_UNDECLARED_SELECTOR = YES;
				GCC_WARN_UNINITIALIZED_AUTOS = YES_AGGRESSIVE;
				GCC_WARN_UNUSED_FUNCTION = YES;
				GCC_WARN_UNUSED_VARIABLE = YES;
				IPHONEOS_DEPLOYMENT_TARGET = 16.1;
				MTL_ENABLE_DEBUG_INFO = NO;
				MTL_FAST_MATH = YES;
				SDKROOT = iphoneos;
				SWIFT_COMPILATION_MODE = wholemodule;
				SWIFT_OPTIMIZATION_LEVEL = "-O";
				VALIDATE_PRODUCT = YES;
			};
			name = Release;
		};
		51B761C62924FF38005243C1 /* Debug */ = {
			isa = XCBuildConfiguration;
			buildSettings = {
				ASSETCATALOG_COMPILER_APPICON_NAME = AppIcon;
				ASSETCATALOG_COMPILER_GLOBAL_ACCENT_COLOR_NAME = AccentColor;
				CODE_SIGN_STYLE = Automatic;
				CURRENT_PROJECT_VERSION = 1;
				DEVELOPMENT_TEAM = U6LVK5D98S;
				GENERATE_INFOPLIST_FILE = YES;
				INFOPLIST_FILE = MapsWithCombineFW/App/Info.plist;
				INFOPLIST_KEY_UIApplicationSupportsIndirectInputEvents = YES;
				INFOPLIST_KEY_UILaunchStoryboardName = LaunchScreen;
				INFOPLIST_KEY_UIMainStoryboardFile = Main;
				INFOPLIST_KEY_UISupportedInterfaceOrientations = UIInterfaceOrientationPortrait;
				INFOPLIST_KEY_UISupportedInterfaceOrientations_iPad = "UIInterfaceOrientationLandscapeLeft UIInterfaceOrientationLandscapeRight UIInterfaceOrientationPortrait UIInterfaceOrientationPortraitUpsideDown";
				IPHONEOS_DEPLOYMENT_TARGET = 13.0;
				LD_RUNPATH_SEARCH_PATHS = (
					"$(inherited)",
					"@executable_path/Frameworks",
				);
				MARKETING_VERSION = 1.0;
				PRODUCT_BUNDLE_IDENTIFIER = com.maksimovics.arturs.MapsWithCombineFW;
				PRODUCT_NAME = "$(TARGET_NAME)";
				SWIFT_EMIT_LOC_STRINGS = YES;
				SWIFT_VERSION = 5.0;
				TARGETED_DEVICE_FAMILY = "1,2";
			};
			name = Debug;
		};
		51B761C72924FF38005243C1 /* Release */ = {
			isa = XCBuildConfiguration;
			buildSettings = {
				ASSETCATALOG_COMPILER_APPICON_NAME = AppIcon;
				ASSETCATALOG_COMPILER_GLOBAL_ACCENT_COLOR_NAME = AccentColor;
				CODE_SIGN_STYLE = Automatic;
				CURRENT_PROJECT_VERSION = 1;
				DEVELOPMENT_TEAM = U6LVK5D98S;
				GENERATE_INFOPLIST_FILE = YES;
				INFOPLIST_FILE = MapsWithCombineFW/App/Info.plist;
				INFOPLIST_KEY_UIApplicationSupportsIndirectInputEvents = YES;
				INFOPLIST_KEY_UILaunchStoryboardName = LaunchScreen;
				INFOPLIST_KEY_UIMainStoryboardFile = Main;
				INFOPLIST_KEY_UISupportedInterfaceOrientations = UIInterfaceOrientationPortrait;
				INFOPLIST_KEY_UISupportedInterfaceOrientations_iPad = "UIInterfaceOrientationLandscapeLeft UIInterfaceOrientationLandscapeRight UIInterfaceOrientationPortrait UIInterfaceOrientationPortraitUpsideDown";
				IPHONEOS_DEPLOYMENT_TARGET = 13.0;
				LD_RUNPATH_SEARCH_PATHS = (
					"$(inherited)",
					"@executable_path/Frameworks",
				);
				MARKETING_VERSION = 1.0;
				PRODUCT_BUNDLE_IDENTIFIER = com.maksimovics.arturs.MapsWithCombineFW;
				PRODUCT_NAME = "$(TARGET_NAME)";
				SWIFT_EMIT_LOC_STRINGS = YES;
				SWIFT_VERSION = 5.0;
				TARGETED_DEVICE_FAMILY = "1,2";
			};
			name = Release;
		};
		51B761C92924FF38005243C1 /* Debug */ = {
			isa = XCBuildConfiguration;
			buildSettings = {
				ALWAYS_EMBED_SWIFT_STANDARD_LIBRARIES = YES;
				BUNDLE_LOADER = "$(TEST_HOST)";
				CODE_SIGN_STYLE = Automatic;
				CURRENT_PROJECT_VERSION = 1;
				DEVELOPMENT_TEAM = U6LVK5D98S;
				GENERATE_INFOPLIST_FILE = YES;
				IPHONEOS_DEPLOYMENT_TARGET = 16.1;
				MARKETING_VERSION = 1.0;
				PRODUCT_BUNDLE_IDENTIFIER = com.maksimovics.arturs.MapsWithCombineFWTests;
				PRODUCT_NAME = "$(TARGET_NAME)";
				SWIFT_EMIT_LOC_STRINGS = NO;
				SWIFT_VERSION = 5.0;
				TARGETED_DEVICE_FAMILY = "1,2";
				TEST_HOST = "$(BUILT_PRODUCTS_DIR)/MapsWithCombineFW.app/$(BUNDLE_EXECUTABLE_FOLDER_PATH)/MapsWithCombineFW";
			};
			name = Debug;
		};
		51B761CA2924FF38005243C1 /* Release */ = {
			isa = XCBuildConfiguration;
			buildSettings = {
				ALWAYS_EMBED_SWIFT_STANDARD_LIBRARIES = YES;
				BUNDLE_LOADER = "$(TEST_HOST)";
				CODE_SIGN_STYLE = Automatic;
				CURRENT_PROJECT_VERSION = 1;
				DEVELOPMENT_TEAM = U6LVK5D98S;
				GENERATE_INFOPLIST_FILE = YES;
				IPHONEOS_DEPLOYMENT_TARGET = 16.1;
				MARKETING_VERSION = 1.0;
				PRODUCT_BUNDLE_IDENTIFIER = com.maksimovics.arturs.MapsWithCombineFWTests;
				PRODUCT_NAME = "$(TARGET_NAME)";
				SWIFT_EMIT_LOC_STRINGS = NO;
				SWIFT_VERSION = 5.0;
				TARGETED_DEVICE_FAMILY = "1,2";
				TEST_HOST = "$(BUILT_PRODUCTS_DIR)/MapsWithCombineFW.app/$(BUNDLE_EXECUTABLE_FOLDER_PATH)/MapsWithCombineFW";
			};
			name = Release;
		};
		51B761CC2924FF38005243C1 /* Debug */ = {
			isa = XCBuildConfiguration;
			buildSettings = {
				ALWAYS_EMBED_SWIFT_STANDARD_LIBRARIES = YES;
				CODE_SIGN_STYLE = Automatic;
				CURRENT_PROJECT_VERSION = 1;
				DEVELOPMENT_TEAM = U6LVK5D98S;
				GENERATE_INFOPLIST_FILE = YES;
				MARKETING_VERSION = 1.0;
				PRODUCT_BUNDLE_IDENTIFIER = com.maksimovics.arturs.MapsWithCombineFWUITests;
				PRODUCT_NAME = "$(TARGET_NAME)";
				SWIFT_EMIT_LOC_STRINGS = NO;
				SWIFT_VERSION = 5.0;
				TARGETED_DEVICE_FAMILY = "1,2";
				TEST_TARGET_NAME = MapsWithCombineFW;
			};
			name = Debug;
		};
		51B761CD2924FF38005243C1 /* Release */ = {
			isa = XCBuildConfiguration;
			buildSettings = {
				ALWAYS_EMBED_SWIFT_STANDARD_LIBRARIES = YES;
				CODE_SIGN_STYLE = Automatic;
				CURRENT_PROJECT_VERSION = 1;
				DEVELOPMENT_TEAM = U6LVK5D98S;
				GENERATE_INFOPLIST_FILE = YES;
				MARKETING_VERSION = 1.0;
				PRODUCT_BUNDLE_IDENTIFIER = com.maksimovics.arturs.MapsWithCombineFWUITests;
				PRODUCT_NAME = "$(TARGET_NAME)";
				SWIFT_EMIT_LOC_STRINGS = NO;
				SWIFT_VERSION = 5.0;
				TARGETED_DEVICE_FAMILY = "1,2";
				TEST_TARGET_NAME = MapsWithCombineFW;
			};
			name = Release;
		};
/* End XCBuildConfiguration section */

/* Begin XCConfigurationList section */
		51B761962924FF35005243C1 /* Build configuration list for PBXProject "MapsWithCombineFW" */ = {
			isa = XCConfigurationList;
			buildConfigurations = (
				51B761C32924FF38005243C1 /* Debug */,
				51B761C42924FF38005243C1 /* Release */,
			);
			defaultConfigurationIsVisible = 0;
			defaultConfigurationName = Release;
		};
		51B761C52924FF38005243C1 /* Build configuration list for PBXNativeTarget "MapsWithCombineFW" */ = {
			isa = XCConfigurationList;
			buildConfigurations = (
				51B761C62924FF38005243C1 /* Debug */,
				51B761C72924FF38005243C1 /* Release */,
			);
			defaultConfigurationIsVisible = 0;
			defaultConfigurationName = Release;
		};
		51B761C82924FF38005243C1 /* Build configuration list for PBXNativeTarget "MapsWithCombineFWTests" */ = {
			isa = XCConfigurationList;
			buildConfigurations = (
				51B761C92924FF38005243C1 /* Debug */,
				51B761CA2924FF38005243C1 /* Release */,
			);
			defaultConfigurationIsVisible = 0;
			defaultConfigurationName = Release;
		};
		51B761CB2924FF38005243C1 /* Build configuration list for PBXNativeTarget "MapsWithCombineFWUITests" */ = {
			isa = XCConfigurationList;
			buildConfigurations = (
				51B761CC2924FF38005243C1 /* Debug */,
				51B761CD2924FF38005243C1 /* Release */,
			);
			defaultConfigurationIsVisible = 0;
			defaultConfigurationName = Release;
		};
/* End XCConfigurationList section */
	};
	rootObject = 51B761932924FF35005243C1 /* Project object */;
}
